// !$*UTF8*$!
{
	archiveVersion = 1;
	classes = {
	};
	objectVersion = 56;
	objects = {

/* Begin PBXBuildFile section */
		04E8889E2C33DFEA000A3FA1 /* AppDelegate.swift in Sources */ = {isa = PBXBuildFile; fileRef = 04E8889D2C33DFEA000A3FA1 /* AppDelegate.swift */; };
		04E888A02C33DFEA000A3FA1 /* SceneDelegate.swift in Sources */ = {isa = PBXBuildFile; fileRef = 04E8889F2C33DFEA000A3FA1 /* SceneDelegate.swift */; };
		04E888A22C33DFEA000A3FA1 /* MainViewController.swift in Sources */ = {isa = PBXBuildFile; fileRef = 04E888A12C33DFEA000A3FA1 /* MainViewController.swift */; };
		04E888A72C33DFEB000A3FA1 /* Assets.xcassets in Resources */ = {isa = PBXBuildFile; fileRef = 04E888A62C33DFEB000A3FA1 /* Assets.xcassets */; };
		04E888AA2C33DFEB000A3FA1 /* Base in Resources */ = {isa = PBXBuildFile; fileRef = 04E888A92C33DFEB000A3FA1 /* Base */; };
		04E888B52C33E632000A3FA1 /* SnapKit in Frameworks */ = {isa = PBXBuildFile; productRef = 04E888B42C33E632000A3FA1 /* SnapKit */; };
		04E888B82C33E63D000A3FA1 /* IQKeyboardManagerSwift in Frameworks */ = {isa = PBXBuildFile; productRef = 04E888B72C33E63D000A3FA1 /* IQKeyboardManagerSwift */; };
		04E888BB2C33E68A000A3FA1 /* RealmSwift in Frameworks */ = {isa = PBXBuildFile; productRef = 04E888BA2C33E68A000A3FA1 /* RealmSwift */; };
		04E888BD2C33E6D6000A3FA1 /* BaseViewController.swift in Sources */ = {isa = PBXBuildFile; fileRef = 04E888BC2C33E6D6000A3FA1 /* BaseViewController.swift */; };
		04E888BF2C33E6E0000A3FA1 /* BaseCell.swift in Sources */ = {isa = PBXBuildFile; fileRef = 04E888BE2C33E6E0000A3FA1 /* BaseCell.swift */; };
		04E888C22C33EC4E000A3FA1 /* ToDo.swift in Sources */ = {isa = PBXBuildFile; fileRef = 04E888C12C33EC4E000A3FA1 /* ToDo.swift */; };
		04E888C62C33F096000A3FA1 /* MainCollectionView.swift in Sources */ = {isa = PBXBuildFile; fileRef = 04E888C52C33F096000A3FA1 /* MainCollectionView.swift */; };
		04E888C82C33F749000A3FA1 /* AddToDoViewController.swift in Sources */ = {isa = PBXBuildFile; fileRef = 04E888C72C33F749000A3FA1 /* AddToDoViewController.swift */; };
		04E888CA2C33F7AC000A3FA1 /* IdProtocol.swift in Sources */ = {isa = PBXBuildFile; fileRef = 04E888C92C33F7AC000A3FA1 /* IdProtocol.swift */; };
		04E888D22C3401AF000A3FA1 /* Enum.swift in Sources */ = {isa = PBXBuildFile; fileRef = 04E888D12C3401AF000A3FA1 /* Enum.swift */; };
		04EBB1BE2C351EFD0096F65F /* ToDoDetailViewController.swift in Sources */ = {isa = PBXBuildFile; fileRef = 04EBB1BD2C351EFD0096F65F /* ToDoDetailViewController.swift */; };
		04EBB1C12C3527AD0096F65F /* ToDoElementButton.swift in Sources */ = {isa = PBXBuildFile; fileRef = 04EBB1C02C3527AD0096F65F /* ToDoElementButton.swift */; };
		04EBB1C32C352CCD0096F65F /* DividerLine.swift in Sources */ = {isa = PBXBuildFile; fileRef = 04EBB1C22C352CCD0096F65F /* DividerLine.swift */; };
		04EBB1C52C3540330096F65F /* ToDoListViewController.swift in Sources */ = {isa = PBXBuildFile; fileRef = 04EBB1C42C3540330096F65F /* ToDoListViewController.swift */; };
		04EBB1C82C3541CE0096F65F /* ToDoListTableViewCell.swift in Sources */ = {isa = PBXBuildFile; fileRef = 04EBB1C72C3541CE0096F65F /* ToDoListTableViewCell.swift */; };
/* End PBXBuildFile section */

/* Begin PBXFileReference section */
		04E8889A2C33DFEA000A3FA1 /* DailyToDoListApp.app */ = {isa = PBXFileReference; explicitFileType = wrapper.application; includeInIndex = 0; path = DailyToDoListApp.app; sourceTree = BUILT_PRODUCTS_DIR; };
		04E8889D2C33DFEA000A3FA1 /* AppDelegate.swift */ = {isa = PBXFileReference; lastKnownFileType = sourcecode.swift; path = AppDelegate.swift; sourceTree = "<group>"; };
		04E8889F2C33DFEA000A3FA1 /* SceneDelegate.swift */ = {isa = PBXFileReference; lastKnownFileType = sourcecode.swift; path = SceneDelegate.swift; sourceTree = "<group>"; };
		04E888A12C33DFEA000A3FA1 /* MainViewController.swift */ = {isa = PBXFileReference; lastKnownFileType = sourcecode.swift; path = MainViewController.swift; sourceTree = "<group>"; };
		04E888A62C33DFEB000A3FA1 /* Assets.xcassets */ = {isa = PBXFileReference; lastKnownFileType = folder.assetcatalog; path = Assets.xcassets; sourceTree = "<group>"; };
		04E888A92C33DFEB000A3FA1 /* Base */ = {isa = PBXFileReference; lastKnownFileType = file.storyboard; name = Base; path = Base.lproj/LaunchScreen.storyboard; sourceTree = "<group>"; };
		04E888AB2C33DFEB000A3FA1 /* Info.plist */ = {isa = PBXFileReference; lastKnownFileType = text.plist.xml; path = Info.plist; sourceTree = "<group>"; };
		04E888BC2C33E6D6000A3FA1 /* BaseViewController.swift */ = {isa = PBXFileReference; lastKnownFileType = sourcecode.swift; path = BaseViewController.swift; sourceTree = "<group>"; };
		04E888BE2C33E6E0000A3FA1 /* BaseCell.swift */ = {isa = PBXFileReference; lastKnownFileType = sourcecode.swift; path = BaseCell.swift; sourceTree = "<group>"; };
		04E888C12C33EC4E000A3FA1 /* ToDo.swift */ = {isa = PBXFileReference; lastKnownFileType = sourcecode.swift; path = ToDo.swift; sourceTree = "<group>"; };
		04E888C52C33F096000A3FA1 /* MainCollectionView.swift */ = {isa = PBXFileReference; lastKnownFileType = sourcecode.swift; path = MainCollectionView.swift; sourceTree = "<group>"; };
		04E888C72C33F749000A3FA1 /* AddToDoViewController.swift */ = {isa = PBXFileReference; lastKnownFileType = sourcecode.swift; path = AddToDoViewController.swift; sourceTree = "<group>"; };
		04E888C92C33F7AC000A3FA1 /* IdProtocol.swift */ = {isa = PBXFileReference; lastKnownFileType = sourcecode.swift; path = IdProtocol.swift; sourceTree = "<group>"; };
		04E888D12C3401AF000A3FA1 /* Enum.swift */ = {isa = PBXFileReference; lastKnownFileType = sourcecode.swift; path = Enum.swift; sourceTree = "<group>"; };
		04EBB1BD2C351EFD0096F65F /* ToDoDetailViewController.swift */ = {isa = PBXFileReference; lastKnownFileType = sourcecode.swift; path = ToDoDetailViewController.swift; sourceTree = "<group>"; };
		04EBB1C02C3527AD0096F65F /* ToDoElementButton.swift */ = {isa = PBXFileReference; lastKnownFileType = sourcecode.swift; path = ToDoElementButton.swift; sourceTree = "<group>"; };
		04EBB1C22C352CCD0096F65F /* DividerLine.swift */ = {isa = PBXFileReference; lastKnownFileType = sourcecode.swift; path = DividerLine.swift; sourceTree = "<group>"; };
		04EBB1C42C3540330096F65F /* ToDoListViewController.swift */ = {isa = PBXFileReference; lastKnownFileType = sourcecode.swift; path = ToDoListViewController.swift; sourceTree = "<group>"; };
		04EBB1C72C3541CE0096F65F /* ToDoListTableViewCell.swift */ = {isa = PBXFileReference; lastKnownFileType = sourcecode.swift; path = ToDoListTableViewCell.swift; sourceTree = "<group>"; };
/* End PBXFileReference section */

/* Begin PBXFrameworksBuildPhase section */
		04E888972C33DFEA000A3FA1 /* Frameworks */ = {
			isa = PBXFrameworksBuildPhase;
			buildActionMask = 2147483647;
			files = (
				04E888BB2C33E68A000A3FA1 /* RealmSwift in Frameworks */,
				04E888B52C33E632000A3FA1 /* SnapKit in Frameworks */,
				04E888B82C33E63D000A3FA1 /* IQKeyboardManagerSwift in Frameworks */,
			);
			runOnlyForDeploymentPostprocessing = 0;
		};
/* End PBXFrameworksBuildPhase section */

/* Begin PBXGroup section */
		04E888912C33DFEA000A3FA1 = {
			isa = PBXGroup;
			children = (
				04E8889C2C33DFEA000A3FA1 /* DailyToDoListApp */,
				04E8889B2C33DFEA000A3FA1 /* Products */,
			);
			sourceTree = "<group>";
		};
		04E8889B2C33DFEA000A3FA1 /* Products */ = {
			isa = PBXGroup;
			children = (
				04E8889A2C33DFEA000A3FA1 /* DailyToDoListApp.app */,
			);
			name = Products;
			sourceTree = "<group>";
		};
		04E8889C2C33DFEA000A3FA1 /* DailyToDoListApp */ = {
			isa = PBXGroup;
			children = (
				04E8889D2C33DFEA000A3FA1 /* AppDelegate.swift */,
				04E8889F2C33DFEA000A3FA1 /* SceneDelegate.swift */,
				04E888C02C33E6E4000A3FA1 /* Base */,
				04EBB1BF2C35278B0096F65F /* CustomView */,
				04E888CB2C340097000A3FA1 /* Main */,
				04E888C12C33EC4E000A3FA1 /* ToDo.swift */,
				04E888D12C3401AF000A3FA1 /* Enum.swift */,
				04E888C92C33F7AC000A3FA1 /* IdProtocol.swift */,
				04E888A62C33DFEB000A3FA1 /* Assets.xcassets */,
				04E888A82C33DFEB000A3FA1 /* LaunchScreen.storyboard */,
				04E888AB2C33DFEB000A3FA1 /* Info.plist */,
			);
			path = DailyToDoListApp;
			sourceTree = "<group>";
		};
		04E888C02C33E6E4000A3FA1 /* Base */ = {
			isa = PBXGroup;
			children = (
				04E888BC2C33E6D6000A3FA1 /* BaseViewController.swift */,
				04E888BE2C33E6E0000A3FA1 /* BaseCell.swift */,
			);
			path = Base;
			sourceTree = "<group>";
		};
		04E888CB2C340097000A3FA1 /* Main */ = {
			isa = PBXGroup;
			children = (
				04E888A12C33DFEA000A3FA1 /* MainViewController.swift */,
				04E888C52C33F096000A3FA1 /* MainCollectionView.swift */,
				04EBB1C62C3540DF0096F65F /* ToDoList */,
				04E888CC2C3400A4000A3FA1 /* Add */,
			);
			path = Main;
			sourceTree = "<group>";
		};
		04E888CC2C3400A4000A3FA1 /* Add */ = {
			isa = PBXGroup;
			children = (
				04E888C72C33F749000A3FA1 /* AddToDoViewController.swift */,
			);
			path = Add;
			sourceTree = "<group>";
		};
		04EBB1BF2C35278B0096F65F /* CustomView */ = {
			isa = PBXGroup;
			children = (
				04EBB1C02C3527AD0096F65F /* ToDoElementButton.swift */,
				04EBB1C22C352CCD0096F65F /* DividerLine.swift */,
			);
			path = CustomView;
			sourceTree = "<group>";
		};
		04EBB1C62C3540DF0096F65F /* ToDoList */ = {
			isa = PBXGroup;
			children = (
				04EBB1C42C3540330096F65F /* ToDoListViewController.swift */,
				04EBB1C72C3541CE0096F65F /* ToDoListTableViewCell.swift */,
				04EBB1BD2C351EFD0096F65F /* ToDoDetailViewController.swift */,
			);
			path = ToDoList;
			sourceTree = "<group>";
		};
/* End PBXGroup section */

/* Begin PBXNativeTarget section */
		04E888992C33DFEA000A3FA1 /* DailyToDoListApp */ = {
			isa = PBXNativeTarget;
			buildConfigurationList = 04E888AE2C33DFEB000A3FA1 /* Build configuration list for PBXNativeTarget "DailyToDoListApp" */;
			buildPhases = (
				04E888962C33DFEA000A3FA1 /* Sources */,
				04E888972C33DFEA000A3FA1 /* Frameworks */,
				04E888982C33DFEA000A3FA1 /* Resources */,
			);
			buildRules = (
			);
			dependencies = (
			);
			name = DailyToDoListApp;
			packageProductDependencies = (
				04E888B42C33E632000A3FA1 /* SnapKit */,
				04E888B72C33E63D000A3FA1 /* IQKeyboardManagerSwift */,
				04E888BA2C33E68A000A3FA1 /* RealmSwift */,
			);
			productName = DailyToDoListApp;
			productReference = 04E8889A2C33DFEA000A3FA1 /* DailyToDoListApp.app */;
			productType = "com.apple.product-type.application";
		};
/* End PBXNativeTarget section */

/* Begin PBXProject section */
		04E888922C33DFEA000A3FA1 /* Project object */ = {
			isa = PBXProject;
			attributes = {
				BuildIndependentTargetsInParallel = 1;
				LastSwiftUpdateCheck = 1540;
				LastUpgradeCheck = 1540;
				TargetAttributes = {
					04E888992C33DFEA000A3FA1 = {
						CreatedOnToolsVersion = 15.4;
					};
				};
			};
			buildConfigurationList = 04E888952C33DFEA000A3FA1 /* Build configuration list for PBXProject "DailyToDoListApp" */;
			compatibilityVersion = "Xcode 14.0";
			developmentRegion = en;
			hasScannedForEncodings = 0;
			knownRegions = (
				en,
				Base,
			);
			mainGroup = 04E888912C33DFEA000A3FA1;
			packageReferences = (
				04E888B32C33E631000A3FA1 /* XCRemoteSwiftPackageReference "SnapKit" */,
				04E888B62C33E63D000A3FA1 /* XCRemoteSwiftPackageReference "IQKeyboardManager" */,
				04E888B92C33E68A000A3FA1 /* XCRemoteSwiftPackageReference "realm-swift" */,
			);
			productRefGroup = 04E8889B2C33DFEA000A3FA1 /* Products */;
			projectDirPath = "";
			projectRoot = "";
			targets = (
				04E888992C33DFEA000A3FA1 /* DailyToDoListApp */,
			);
		};
/* End PBXProject section */

/* Begin PBXResourcesBuildPhase section */
		04E888982C33DFEA000A3FA1 /* Resources */ = {
			isa = PBXResourcesBuildPhase;
			buildActionMask = 2147483647;
			files = (
				04E888A72C33DFEB000A3FA1 /* Assets.xcassets in Resources */,
				04E888AA2C33DFEB000A3FA1 /* Base in Resources */,
			);
			runOnlyForDeploymentPostprocessing = 0;
		};
/* End PBXResourcesBuildPhase section */

/* Begin PBXSourcesBuildPhase section */
		04E888962C33DFEA000A3FA1 /* Sources */ = {
			isa = PBXSourcesBuildPhase;
			buildActionMask = 2147483647;
			files = (
				04E888C62C33F096000A3FA1 /* MainCollectionView.swift in Sources */,
				04EBB1C52C3540330096F65F /* ToDoListViewController.swift in Sources */,
				04E888A22C33DFEA000A3FA1 /* MainViewController.swift in Sources */,
				04E888D22C3401AF000A3FA1 /* Enum.swift in Sources */,
				04E888BD2C33E6D6000A3FA1 /* BaseViewController.swift in Sources */,
				04E8889E2C33DFEA000A3FA1 /* AppDelegate.swift in Sources */,
				04E888CA2C33F7AC000A3FA1 /* IdProtocol.swift in Sources */,
				04EBB1C82C3541CE0096F65F /* ToDoListTableViewCell.swift in Sources */,
				04E888C82C33F749000A3FA1 /* AddToDoViewController.swift in Sources */,
				04E888C22C33EC4E000A3FA1 /* ToDo.swift in Sources */,
				04E888BF2C33E6E0000A3FA1 /* BaseCell.swift in Sources */,
				04E888A02C33DFEA000A3FA1 /* SceneDelegate.swift in Sources */,
				04EBB1BE2C351EFD0096F65F /* ToDoDetailViewController.swift in Sources */,
				04EBB1C12C3527AD0096F65F /* ToDoElementButton.swift in Sources */,
				04EBB1C32C352CCD0096F65F /* DividerLine.swift in Sources */,
			);
			runOnlyForDeploymentPostprocessing = 0;
		};
/* End PBXSourcesBuildPhase section */

/* Begin PBXVariantGroup section */
		04E888A82C33DFEB000A3FA1 /* LaunchScreen.storyboard */ = {
			isa = PBXVariantGroup;
			children = (
				04E888A92C33DFEB000A3FA1 /* Base */,
			);
			name = LaunchScreen.storyboard;
			sourceTree = "<group>";
		};
/* End PBXVariantGroup section */

/* Begin XCBuildConfiguration section */
		04E888AC2C33DFEB000A3FA1 /* Debug */ = {
			isa = XCBuildConfiguration;
			buildSettings = {
				ALWAYS_SEARCH_USER_PATHS = NO;
				ASSETCATALOG_COMPILER_GENERATE_SWIFT_ASSET_SYMBOL_EXTENSIONS = YES;
				CLANG_ANALYZER_NONNULL = YES;
				CLANG_ANALYZER_NUMBER_OBJECT_CONVERSION = YES_AGGRESSIVE;
				CLANG_CXX_LANGUAGE_STANDARD = "gnu++20";
				CLANG_ENABLE_MODULES = YES;
				CLANG_ENABLE_OBJC_ARC = YES;
				CLANG_ENABLE_OBJC_WEAK = YES;
				CLANG_WARN_BLOCK_CAPTURE_AUTORELEASING = YES;
				CLANG_WARN_BOOL_CONVERSION = YES;
				CLANG_WARN_COMMA = YES;
				CLANG_WARN_CONSTANT_CONVERSION = YES;
				CLANG_WARN_DEPRECATED_OBJC_IMPLEMENTATIONS = YES;
				CLANG_WARN_DIRECT_OBJC_ISA_USAGE = YES_ERROR;
				CLANG_WARN_DOCUMENTATION_COMMENTS = YES;
				CLANG_WARN_EMPTY_BODY = YES;
				CLANG_WARN_ENUM_CONVERSION = YES;
				CLANG_WARN_INFINITE_RECURSION = YES;
				CLANG_WARN_INT_CONVERSION = YES;
				CLANG_WARN_NON_LITERAL_NULL_CONVERSION = YES;
				CLANG_WARN_OBJC_IMPLICIT_RETAIN_SELF = YES;
				CLANG_WARN_OBJC_LITERAL_CONVERSION = YES;
				CLANG_WARN_OBJC_ROOT_CLASS = YES_ERROR;
				CLANG_WARN_QUOTED_INCLUDE_IN_FRAMEWORK_HEADER = YES;
				CLANG_WARN_RANGE_LOOP_ANALYSIS = YES;
				CLANG_WARN_STRICT_PROTOTYPES = YES;
				CLANG_WARN_SUSPICIOUS_MOVE = YES;
				CLANG_WARN_UNGUARDED_AVAILABILITY = YES_AGGRESSIVE;
				CLANG_WARN_UNREACHABLE_CODE = YES;
				CLANG_WARN__DUPLICATE_METHOD_MATCH = YES;
				COPY_PHASE_STRIP = NO;
				DEBUG_INFORMATION_FORMAT = dwarf;
				ENABLE_STRICT_OBJC_MSGSEND = YES;
				ENABLE_TESTABILITY = YES;
				ENABLE_USER_SCRIPT_SANDBOXING = YES;
				GCC_C_LANGUAGE_STANDARD = gnu17;
				GCC_DYNAMIC_NO_PIC = NO;
				GCC_NO_COMMON_BLOCKS = YES;
				GCC_OPTIMIZATION_LEVEL = 0;
				GCC_PREPROCESSOR_DEFINITIONS = (
					"DEBUG=1",
					"$(inherited)",
				);
				GCC_WARN_64_TO_32_BIT_CONVERSION = YES;
				GCC_WARN_ABOUT_RETURN_TYPE = YES_ERROR;
				GCC_WARN_UNDECLARED_SELECTOR = YES;
				GCC_WARN_UNINITIALIZED_AUTOS = YES_AGGRESSIVE;
				GCC_WARN_UNUSED_FUNCTION = YES;
				GCC_WARN_UNUSED_VARIABLE = YES;
				IPHONEOS_DEPLOYMENT_TARGET = 17.5;
				LOCALIZATION_PREFERS_STRING_CATALOGS = YES;
				MTL_ENABLE_DEBUG_INFO = INCLUDE_SOURCE;
				MTL_FAST_MATH = YES;
				ONLY_ACTIVE_ARCH = YES;
				SDKROOT = iphoneos;
				SWIFT_ACTIVE_COMPILATION_CONDITIONS = "DEBUG $(inherited)";
				SWIFT_OPTIMIZATION_LEVEL = "-Onone";
			};
			name = Debug;
		};
		04E888AD2C33DFEB000A3FA1 /* Release */ = {
			isa = XCBuildConfiguration;
			buildSettings = {
				ALWAYS_SEARCH_USER_PATHS = NO;
				ASSETCATALOG_COMPILER_GENERATE_SWIFT_ASSET_SYMBOL_EXTENSIONS = YES;
				CLANG_ANALYZER_NONNULL = YES;
				CLANG_ANALYZER_NUMBER_OBJECT_CONVERSION = YES_AGGRESSIVE;
				CLANG_CXX_LANGUAGE_STANDARD = "gnu++20";
				CLANG_ENABLE_MODULES = YES;
				CLANG_ENABLE_OBJC_ARC = YES;
				CLANG_ENABLE_OBJC_WEAK = YES;
				CLANG_WARN_BLOCK_CAPTURE_AUTORELEASING = YES;
				CLANG_WARN_BOOL_CONVERSION = YES;
				CLANG_WARN_COMMA = YES;
				CLANG_WARN_CONSTANT_CONVERSION = YES;
				CLANG_WARN_DEPRECATED_OBJC_IMPLEMENTATIONS = YES;
				CLANG_WARN_DIRECT_OBJC_ISA_USAGE = YES_ERROR;
				CLANG_WARN_DOCUMENTATION_COMMENTS = YES;
				CLANG_WARN_EMPTY_BODY = YES;
				CLANG_WARN_ENUM_CONVERSION = YES;
				CLANG_WARN_INFINITE_RECURSION = YES;
				CLANG_WARN_INT_CONVERSION = YES;
				CLANG_WARN_NON_LITERAL_NULL_CONVERSION = YES;
				CLANG_WARN_OBJC_IMPLICIT_RETAIN_SELF = YES;
				CLANG_WARN_OBJC_LITERAL_CONVERSION = YES;
				CLANG_WARN_OBJC_ROOT_CLASS = YES_ERROR;
				CLANG_WARN_QUOTED_INCLUDE_IN_FRAMEWORK_HEADER = YES;
				CLANG_WARN_RANGE_LOOP_ANALYSIS = YES;
				CLANG_WARN_STRICT_PROTOTYPES = YES;
				CLANG_WARN_SUSPICIOUS_MOVE = YES;
				CLANG_WARN_UNGUARDED_AVAILABILITY = YES_AGGRESSIVE;
				CLANG_WARN_UNREACHABLE_CODE = YES;
				CLANG_WARN__DUPLICATE_METHOD_MATCH = YES;
				COPY_PHASE_STRIP = NO;
				DEBUG_INFORMATION_FORMAT = "dwarf-with-dsym";
				ENABLE_NS_ASSERTIONS = NO;
				ENABLE_STRICT_OBJC_MSGSEND = YES;
				ENABLE_USER_SCRIPT_SANDBOXING = YES;
				GCC_C_LANGUAGE_STANDARD = gnu17;
				GCC_NO_COMMON_BLOCKS = YES;
				GCC_WARN_64_TO_32_BIT_CONVERSION = YES;
				GCC_WARN_ABOUT_RETURN_TYPE = YES_ERROR;
				GCC_WARN_UNDECLARED_SELECTOR = YES;
				GCC_WARN_UNINITIALIZED_AUTOS = YES_AGGRESSIVE;
				GCC_WARN_UNUSED_FUNCTION = YES;
				GCC_WARN_UNUSED_VARIABLE = YES;
				IPHONEOS_DEPLOYMENT_TARGET = 17.5;
				LOCALIZATION_PREFERS_STRING_CATALOGS = YES;
				MTL_ENABLE_DEBUG_INFO = NO;
				MTL_FAST_MATH = YES;
				SDKROOT = iphoneos;
				SWIFT_COMPILATION_MODE = wholemodule;
				VALIDATE_PRODUCT = YES;
			};
			name = Release;
		};
		04E888AF2C33DFEB000A3FA1 /* Debug */ = {
			isa = XCBuildConfiguration;
			buildSettings = {
				ASSETCATALOG_COMPILER_APPICON_NAME = AppIcon;
				ASSETCATALOG_COMPILER_GLOBAL_ACCENT_COLOR_NAME = AccentColor;
				CODE_SIGN_STYLE = Automatic;
				CURRENT_PROJECT_VERSION = 1;
				GENERATE_INFOPLIST_FILE = YES;
				INFOPLIST_FILE = DailyToDoListApp/Info.plist;
				INFOPLIST_KEY_UIApplicationSupportsIndirectInputEvents = YES;
				INFOPLIST_KEY_UILaunchStoryboardName = LaunchScreen;
				INFOPLIST_KEY_UISupportedInterfaceOrientations = UIInterfaceOrientationPortrait;
				INFOPLIST_KEY_UISupportedInterfaceOrientations_iPad = UIInterfaceOrientationPortrait;
				IPHONEOS_DEPLOYMENT_TARGET = 16.0;
				LD_RUNPATH_SEARCH_PATHS = (
					"$(inherited)",
					"@executable_path/Frameworks",
				);
				MARKETING_VERSION = 1.0;
				PRODUCT_BUNDLE_IDENTIFIER = com.harvey.DailyToDoListApp;
				PRODUCT_NAME = "$(TARGET_NAME)";
				SUPPORTED_PLATFORMS = "iphoneos iphonesimulator";
				SUPPORTS_MACCATALYST = NO;
				SUPPORTS_MAC_DESIGNED_FOR_IPHONE_IPAD = NO;
				SUPPORTS_XR_DESIGNED_FOR_IPHONE_IPAD = NO;
				SWIFT_EMIT_LOC_STRINGS = YES;
				SWIFT_VERSION = 5.0;
				TARGETED_DEVICE_FAMILY = 1;
			};
			name = Debug;
		};
		04E888B02C33DFEB000A3FA1 /* Release */ = {
			isa = XCBuildConfiguration;
			buildSettings = {
				ASSETCATALOG_COMPILER_APPICON_NAME = AppIcon;
				ASSETCATALOG_COMPILER_GLOBAL_ACCENT_COLOR_NAME = AccentColor;
				CODE_SIGN_STYLE = Automatic;
				CURRENT_PROJECT_VERSION = 1;
				GENERATE_INFOPLIST_FILE = YES;
				INFOPLIST_FILE = DailyToDoListApp/Info.plist;
				INFOPLIST_KEY_UIApplicationSupportsIndirectInputEvents = YES;
				INFOPLIST_KEY_UILaunchStoryboardName = LaunchScreen;
				INFOPLIST_KEY_UISupportedInterfaceOrientations = UIInterfaceOrientationPortrait;
				INFOPLIST_KEY_UISupportedInterfaceOrientations_iPad = UIInterfaceOrientationPortrait;
				IPHONEOS_DEPLOYMENT_TARGET = 16.0;
				LD_RUNPATH_SEARCH_PATHS = (
					"$(inherited)",
					"@executable_path/Frameworks",
				);
				MARKETING_VERSION = 1.0;
				PRODUCT_BUNDLE_IDENTIFIER = com.harvey.DailyToDoListApp;
				PRODUCT_NAME = "$(TARGET_NAME)";
				SUPPORTED_PLATFORMS = "iphoneos iphonesimulator";
				SUPPORTS_MACCATALYST = NO;
				SUPPORTS_MAC_DESIGNED_FOR_IPHONE_IPAD = NO;
				SUPPORTS_XR_DESIGNED_FOR_IPHONE_IPAD = NO;
				SWIFT_EMIT_LOC_STRINGS = YES;
				SWIFT_VERSION = 5.0;
				TARGETED_DEVICE_FAMILY = 1;
			};
			name = Release;
		};
/* End XCBuildConfiguration section */

/* Begin XCConfigurationList section */
		04E888952C33DFEA000A3FA1 /* Build configuration list for PBXProject "DailyToDoListApp" */ = {
			isa = XCConfigurationList;
			buildConfigurations = (
				04E888AC2C33DFEB000A3FA1 /* Debug */,
				04E888AD2C33DFEB000A3FA1 /* Release */,
			);
			defaultConfigurationIsVisible = 0;
			defaultConfigurationName = Release;
		};
		04E888AE2C33DFEB000A3FA1 /* Build configuration list for PBXNativeTarget "DailyToDoListApp" */ = {
			isa = XCConfigurationList;
			buildConfigurations = (
				04E888AF2C33DFEB000A3FA1 /* Debug */,
				04E888B02C33DFEB000A3FA1 /* Release */,
			);
			defaultConfigurationIsVisible = 0;
			defaultConfigurationName = Release;
		};
/* End XCConfigurationList section */

/* Begin XCRemoteSwiftPackageReference section */
		04E888B32C33E631000A3FA1 /* XCRemoteSwiftPackageReference "SnapKit" */ = {
			isa = XCRemoteSwiftPackageReference;
			repositoryURL = "https://github.com/SnapKit/SnapKit.git";
			requirement = {
				kind = upToNextMajorVersion;
				minimumVersion = 5.7.1;
			};
		};
		04E888B62C33E63D000A3FA1 /* XCRemoteSwiftPackageReference "IQKeyboardManager" */ = {
			isa = XCRemoteSwiftPackageReference;
			repositoryURL = "https://github.com/hackiftekhar/IQKeyboardManager.git";
			requirement = {
				kind = upToNextMajorVersion;
				minimumVersion = 7.0.3;
			};
		};
		04E888B92C33E68A000A3FA1 /* XCRemoteSwiftPackageReference "realm-swift" */ = {
			isa = XCRemoteSwiftPackageReference;
			repositoryURL = "https://github.com/realm/realm-swift.git";
			requirement = {
				kind = exactVersion;
				version = 10.52.1;
			};
		};
/* End XCRemoteSwiftPackageReference section */

/* Begin XCSwiftPackageProductDependency section */
		04E888B42C33E632000A3FA1 /* SnapKit */ = {
			isa = XCSwiftPackageProductDependency;
			package = 04E888B32C33E631000A3FA1 /* XCRemoteSwiftPackageReference "SnapKit" */;
			productName = SnapKit;
		};
		04E888B72C33E63D000A3FA1 /* IQKeyboardManagerSwift */ = {
			isa = XCSwiftPackageProductDependency;
			package = 04E888B62C33E63D000A3FA1 /* XCRemoteSwiftPackageReference "IQKeyboardManager" */;
			productName = IQKeyboardManagerSwift;
		};
		04E888BA2C33E68A000A3FA1 /* RealmSwift */ = {
			isa = XCSwiftPackageProductDependency;
			package = 04E888B92C33E68A000A3FA1 /* XCRemoteSwiftPackageReference "realm-swift" */;
			productName = RealmSwift;
		};
/* End XCSwiftPackageProductDependency section */
	};
	rootObject = 04E888922C33DFEA000A3FA1 /* Project object */;
}
